
Microsoft Visual Studio Solution File, Format Version 12.00
# Visual Studio 15
VisualStudioVersion = 15.0.28307.421
MinimumVisualStudioVersion = 10.0.40219.1
Project("{8BC9CEB8-8B4A-11D0-8D11-00A0C91BC942}") = "Crane", "Crane\Crane.vcxproj", "{9B263B70-1D67-4570-A373-E3EE823F5B3F}"
EndProject
Project("{8BC9CEB8-8B4A-11D0-8D11-00A0C91BC942}") = "libCrane", "libCrane\libCrane.vcxproj", "{0A9C83A3-E235-4E7F-8055-9A6C925FDA2D}"
EndProject
Project("{8BC9CEB8-8B4A-11D0-8D11-00A0C91BC942}") = "CraneWinServer", "CraneWinServer\CraneWinServer.vcxproj", "{2892891D-FACA-4A26-B280-0D6B75FCB00B}"
EndProject
Global
	GlobalSection(SolutionConfigurationPlatforms) = preSolution
		Debug|x64 = Debug|x64
		Debug|x86 = Debug|x86
		Release|x64 = Release|x64
		Release|x86 = Release|x86
	EndGlobalSection
	GlobalSection(ProjectConfigurationPlatforms) = postSolution
		{9B263B70-1D67-4570-A373-E3EE823F5B3F}.Debug|x64.ActiveCfg = Debug|x64
		{9B263B70-1D67-4570-A373-E3EE823F5B3F}.Debug|x64.Build.0 = Debug|x64
		{9B263B70-1D67-4570-A373-E3EE823F5B3F}.Debug|x86.ActiveCfg = Debug|Win32
		{9B263B70-1D67-4570-A373-E3EE823F5B3F}.Debug|x86.Build.0 = Debug|Win32
		{9B263B70-1D67-4570-A373-E3EE823F5B3F}.Release|x64.ActiveCfg = Release|x64
		{9B263B70-1D67-4570-A373-E3EE823F5B3F}.Release|x64.Build.0 = Release|x64
		{9B263B70-1D67-4570-A373-E3EE823F5B3F}.Release|x86.ActiveCfg = Release|Win32
		{9B263B70-1D67-4570-A373-E3EE823F5B3F}.Release|x86.Build.0 = Release|Win32
		{0A9C83A3-E235-4E7F-8055-9A6C925FDA2D}.Debug|x64.ActiveCfg = Debug|x64
		{0A9C83A3-E235-4E7F-8055-9A6C925FDA2D}.Debug|x64.Build.0 = Debug|x64
		{0A9C83A3-E235-4E7F-8055-9A6C925FDA2D}.Debug|x86.ActiveCfg = Debug|Win32
		{0A9C83A3-E235-4E7F-8055-9A6C925FDA2D}.Debug|x86.Build.0 = Debug|Win32
		{0A9C83A3-E235-4E7F-8055-9A6C925FDA2D}.Release|x64.ActiveCfg = Release|x64
		{0A9C83A3-E235-4E7F-8055-9A6C925FDA2D}.Release|x64.Build.0 = Release|x64
		{0A9C83A3-E235-4E7F-8055-9A6C925FDA2D}.Release|x86.ActiveCfg = Release|Win32
		{0A9C83A3-E235-4E7F-8055-9A6C925FDA2D}.Release|x86.Build.0 = Release|Win32
		{2892891D-FACA-4A26-B280-0D6B75FCB00B}.Debug|x64.ActiveCfg = Debug|x64
		{2892891D-FACA-4A26-B280-0D6B75FCB00B}.Debug|x64.Build.0 = Debug|x64
		{2892891D-FACA-4A26-B280-0D6B75FCB00B}.Debug|x86.ActiveCfg = Debug|Win32
		{2892891D-FACA-4A26-B280-0D6B75FCB00B}.Debug|x86.Build.0 = Debug|Win32
		{2892891D-FACA-4A26-B280-0D6B75FCB00B}.Release|x64.ActiveCfg = Release|x64
		{2892891D-FACA-4A26-B280-0D6B75FCB00B}.Release|x64.Build.0 = Release|x64
		{2892891D-FACA-4A26-B280-0D6B75FCB00B}.Release|x86.ActiveCfg = Release|Win32
		{2892891D-FACA-4A26-B280-0D6B75FCB00B}.Release|x86.Build.0 = Release|Win32
	EndGlobalSection
	GlobalSection(SolutionProperties) = preSolution
		HideSolutionNode = FALSE
	EndGlobalSection
	GlobalSection(ExtensibilityGlobals) = postSolution
		SolutionGuid = {BBC56F5F-36CD-42D1-BEE8-2E325A3D991C}
	EndGlobalSection
EndGlobal
